// !$*UTF8*$!
{
	archiveVersion = 1;
	classes = {
	};
	objectVersion = 46;
	objects = {

/* Begin PBXBuildFile section */
		F8274D4F1E712FCB002A3164 /* HLProfileViewController.swift in Sources */ = {isa = PBXBuildFile; fileRef = F8274D4E1E712FCB002A3164 /* HLProfileViewController.swift */; };
		F83186191E6FABBA00DD61FA /* Main.storyboard in Resources */ = {isa = PBXBuildFile; fileRef = F83186171E6FABBA00DD61FA /* Main.storyboard */; };
		F831861C1E6FABBA00DD61FA /* Hula.xcdatamodeld in Sources */ = {isa = PBXBuildFile; fileRef = F831861A1E6FABBA00DD61FA /* Hula.xcdatamodeld */; };
		F831861E1E6FABBA00DD61FA /* Assets.xcassets in Resources */ = {isa = PBXBuildFile; fileRef = F831861D1E6FABBA00DD61FA /* Assets.xcassets */; };
		F83186211E6FABBA00DD61FA /* LaunchScreen.storyboard in Resources */ = {isa = PBXBuildFile; fileRef = F831861F1E6FABBA00DD61FA /* LaunchScreen.storyboard */; };
		F831862C1E6FABBA00DD61FA /* HulaTests.swift in Sources */ = {isa = PBXBuildFile; fileRef = F831862B1E6FABBA00DD61FA /* HulaTests.swift */; };
		F83186371E6FABBA00DD61FA /* HulaUITests.swift in Sources */ = {isa = PBXBuildFile; fileRef = F83186361E6FABBA00DD61FA /* HulaUITests.swift */; };
		F86698AF1E703A80002129E1 /* AppDelegate.swift in Sources */ = {isa = PBXBuildFile; fileRef = F86698AD1E703A80002129E1 /* AppDelegate.swift */; };
		F86698B11E703AB7002129E1 /* HulaUser.swift in Sources */ = {isa = PBXBuildFile; fileRef = F86698B01E703AB7002129E1 /* HulaUser.swift */; };
		F86698B31E703AC9002129E1 /* HulaProduct.swift in Sources */ = {isa = PBXBuildFile; fileRef = F86698B21E703AC9002129E1 /* HulaProduct.swift */; };
		F86698B51E703C34002129E1 /* HulaConstants.swift in Sources */ = {isa = PBXBuildFile; fileRef = F86698B41E703C34002129E1 /* HulaConstants.swift */; };
		F86698B71E703CB9002129E1 /* HLAPIClient.swift in Sources */ = {isa = PBXBuildFile; fileRef = F86698B61E703CB9002129E1 /* HLAPIClient.swift */; };
		F86698B91E703D02002129E1 /* CommonUtils.swift in Sources */ = {isa = PBXBuildFile; fileRef = F86698B81E703D02002129E1 /* CommonUtils.swift */; };
		F86698BB1E703DBE002129E1 /* BaseViewController.swift in Sources */ = {isa = PBXBuildFile; fileRef = F86698BA1E703DBE002129E1 /* BaseViewController.swift */; };
		F86698BD1E703DD8002129E1 /* UserBaseViewController.swift in Sources */ = {isa = PBXBuildFile; fileRef = F86698BC1E703DD8002129E1 /* UserBaseViewController.swift */; };
		F86698BF1E703E10002129E1 /* BaseTabBarViewController.swift in Sources */ = {isa = PBXBuildFile; fileRef = F86698BE1E703E10002129E1 /* BaseTabBarViewController.swift */; };
		F86698C41E703EA6002129E1 /* HLDataManager.swift in Sources */ = {isa = PBXBuildFile; fileRef = F86698C31E703EA6002129E1 /* HLDataManager.swift */; };
		F86698C71E7044A6002129E1 /* HLMainViewController.swift in Sources */ = {isa = PBXBuildFile; fileRef = F86698C61E7044A6002129E1 /* HLMainViewController.swift */; };
		F86698C91E7044C0002129E1 /* HLSignUpViewController.swift in Sources */ = {isa = PBXBuildFile; fileRef = F86698C81E7044C0002129E1 /* HLSignUpViewController.swift */; };
		F86698CB1E7044D6002129E1 /* HLLogInViewController.swift in Sources */ = {isa = PBXBuildFile; fileRef = F86698CA1E7044D6002129E1 /* HLLogInViewController.swift */; };
		F86698CD1E7044F2002129E1 /* HLIntroViewController.swift in Sources */ = {isa = PBXBuildFile; fileRef = F86698CC1E7044F2002129E1 /* HLIntroViewController.swift */; };
		F890E4941E70937D008719B9 /* splash_intro.mp4 in Resources */ = {isa = PBXBuildFile; fileRef = F890E4931E709378008719B9 /* splash_intro.mp4 */; };
		F890E4981E71011C008719B9 /* HLHomeViewController.swift in Sources */ = {isa = PBXBuildFile; fileRef = F890E4971E71011C008719B9 /* HLHomeViewController.swift */; };
		F890E49A1E710187008719B9 /* HLHomeCategoryTableViewCell.swift in Sources */ = {isa = PBXBuildFile; fileRef = F890E4991E710187008719B9 /* HLHomeCategoryTableViewCell.swift */; };
		F8B651EB1E787B35009D1DC6 /* HLHomeSearchTableViewCell.swift in Sources */ = {isa = PBXBuildFile; fileRef = F8B651EA1E787B35009D1DC6 /* HLHomeSearchTableViewCell.swift */; };
		F8B651EE1E7A352E009D1DC6 /* HLMyProductsViewController.swift in Sources */ = {isa = PBXBuildFile; fileRef = F8B651ED1E7A352E009D1DC6 /* HLMyProductsViewController.swift */; };
		F8B651F01E7A6275009D1DC6 /* HLEditProductMainViewController.swift in Sources */ = {isa = PBXBuildFile; fileRef = F8B651EF1E7A6275009D1DC6 /* HLEditProductMainViewController.swift */; };
		F8B651F21E7A6A1E009D1DC6 /* HLPostProductViewController.swift in Sources */ = {isa = PBXBuildFile; fileRef = F8B651F11E7A6A1E009D1DC6 /* HLPostProductViewController.swift */; };
		F8B651F41E7A82F6009D1DC6 /* HLCompleteProductProfileViewController.swift in Sources */ = {isa = PBXBuildFile; fileRef = F8B651F31E7A82F6009D1DC6 /* HLCompleteProductProfileViewController.swift */; };
		F8B651F61E7AB643009D1DC6 /* HLCustomCameraViewController.swift in Sources */ = {isa = PBXBuildFile; fileRef = F8B651F51E7AB643009D1DC6 /* HLCustomCameraViewController.swift */; };
		F8B651F91E7B4B11009D1DC6 /* AVFoundation.framework in Frameworks */ = {isa = PBXBuildFile; fileRef = F8B651F81E7B4B11009D1DC6 /* AVFoundation.framework */; };
		F8B651FB1E7B4B19009D1DC6 /* Photos.framework in Frameworks */ = {isa = PBXBuildFile; fileRef = F8B651FA1E7B4B19009D1DC6 /* Photos.framework */; };
		F8B651FD1E7B5381009D1DC6 /* PhotosUI.framework in Frameworks */ = {isa = PBXBuildFile; fileRef = F8B651FC1E7B5381009D1DC6 /* PhotosUI.framework */; };
		F8B651FF1E7B677A009D1DC6 /* HLMyProductTableViewCell.swift in Sources */ = {isa = PBXBuildFile; fileRef = F8B651FE1E7B677A009D1DC6 /* HLMyProductTableViewCell.swift */; };
		F8B652011E7B7D6B009D1DC6 /* HLPhotoAlbumCollectionViewCell.swift in Sources */ = {isa = PBXBuildFile; fileRef = F8B652001E7B7D6B009D1DC6 /* HLPhotoAlbumCollectionViewCell.swift */; };
		F8B652031E7C77BF009D1DC6 /* HLSellerInfoViewController.swift in Sources */ = {isa = PBXBuildFile; fileRef = F8B652021E7C77BF009D1DC6 /* HLSellerInfoViewController.swift */; };
		F8BE7C311E71FF4200FAE07D /* HLFeedbackHistoryViewController.swift in Sources */ = {isa = PBXBuildFile; fileRef = F8BE7C301E71FF4200FAE07D /* HLFeedbackHistoryViewController.swift */; };
		F8BE7C331E71FF5400FAE07D /* HLSettingViewController.swift in Sources */ = {isa = PBXBuildFile; fileRef = F8BE7C321E71FF5400FAE07D /* HLSettingViewController.swift */; };
		F8BE7C371E72010D00FAE07D /* HLFeedbackHistoryTableViewCell.swift in Sources */ = {isa = PBXBuildFile; fileRef = F8BE7C361E72010D00FAE07D /* HLFeedbackHistoryTableViewCell.swift */; };
		F8BE7C401E7237A100FAE07D /* BebasNeue Bold.otf in Resources */ = {isa = PBXBuildFile; fileRef = F8BE7C3A1E7237A000FAE07D /* BebasNeue Bold.otf */; };
		F8BE7C411E7237A100FAE07D /* BebasNeue Book.otf in Resources */ = {isa = PBXBuildFile; fileRef = F8BE7C3B1E7237A000FAE07D /* BebasNeue Book.otf */; };
		F8BE7C421E7237A100FAE07D /* BebasNeue Light.otf in Resources */ = {isa = PBXBuildFile; fileRef = F8BE7C3C1E7237A100FAE07D /* BebasNeue Light.otf */; };
		F8BE7C431E7237A100FAE07D /* BebasNeue Regular.otf in Resources */ = {isa = PBXBuildFile; fileRef = F8BE7C3D1E7237A100FAE07D /* BebasNeue Regular.otf */; };
		F8BE7C441E7237A100FAE07D /* BebasNeue Thin.otf in Resources */ = {isa = PBXBuildFile; fileRef = F8BE7C3E1E7237A100FAE07D /* BebasNeue Thin.otf */; };
		F8BE7C451E7237A100FAE07D /* BebasNeue.otf in Resources */ = {isa = PBXBuildFile; fileRef = F8BE7C3F1E7237A100FAE07D /* BebasNeue.otf */; };
		F8BE7C471E72412200FAE07D /* HLProductTableViewCell.swift in Sources */ = {isa = PBXBuildFile; fileRef = F8BE7C461E72412200FAE07D /* HLProductTableViewCell.swift */; };
		F8BE7C491E7241C500FAE07D /* HLSearchResultViewController.swift in Sources */ = {isa = PBXBuildFile; fileRef = F8BE7C481E7241C500FAE07D /* HLSearchResultViewController.swift */; };
		F8BE7C4B1E724F3D00FAE07D /* HLProductDetailViewController.swift in Sources */ = {isa = PBXBuildFile; fileRef = F8BE7C4A1E724F3D00FAE07D /* HLProductDetailViewController.swift */; };
		F8BE7C4D1E72575300FAE07D /* HLFilterViewController.swift in Sources */ = {isa = PBXBuildFile; fileRef = F8BE7C4C1E72575300FAE07D /* HLFilterViewController.swift */; };
/* End PBXBuildFile section */

/* Begin PBXContainerItemProxy section */
		F83186281E6FABBA00DD61FA /* PBXContainerItemProxy */ = {
			isa = PBXContainerItemProxy;
			containerPortal = F83186081E6FABB900DD61FA /* Project object */;
			proxyType = 1;
			remoteGlobalIDString = F831860F1E6FABB900DD61FA;
			remoteInfo = Hula;
		};
		F83186331E6FABBA00DD61FA /* PBXContainerItemProxy */ = {
			isa = PBXContainerItemProxy;
			containerPortal = F83186081E6FABB900DD61FA /* Project object */;
			proxyType = 1;
			remoteGlobalIDString = F831860F1E6FABB900DD61FA;
			remoteInfo = Hula;
		};
/* End PBXContainerItemProxy section */

/* Begin PBXFileReference section */
		F8274D4E1E712FCB002A3164 /* HLProfileViewController.swift */ = {isa = PBXFileReference; fileEncoding = 4; lastKnownFileType = sourcecode.swift; path = HLProfileViewController.swift; sourceTree = "<group>"; };
		F83186101E6FABBA00DD61FA /* Hula.app */ = {isa = PBXFileReference; explicitFileType = wrapper.application; includeInIndex = 0; path = Hula.app; sourceTree = BUILT_PRODUCTS_DIR; };
		F83186181E6FABBA00DD61FA /* Base */ = {isa = PBXFileReference; lastKnownFileType = file.storyboard; name = Base; path = Base.lproj/Main.storyboard; sourceTree = "<group>"; };
		F831861B1E6FABBA00DD61FA /* Hula.xcdatamodel */ = {isa = PBXFileReference; lastKnownFileType = wrapper.xcdatamodel; path = Hula.xcdatamodel; sourceTree = "<group>"; };
		F831861D1E6FABBA00DD61FA /* Assets.xcassets */ = {isa = PBXFileReference; lastKnownFileType = folder.assetcatalog; path = Assets.xcassets; sourceTree = "<group>"; };
		F83186201E6FABBA00DD61FA /* Base */ = {isa = PBXFileReference; lastKnownFileType = file.storyboard; name = Base; path = Base.lproj/LaunchScreen.storyboard; sourceTree = "<group>"; };
		F83186221E6FABBA00DD61FA /* Info.plist */ = {isa = PBXFileReference; lastKnownFileType = text.plist.xml; path = Info.plist; sourceTree = "<group>"; };
		F83186271E6FABBA00DD61FA /* HulaTests.xctest */ = {isa = PBXFileReference; explicitFileType = wrapper.cfbundle; includeInIndex = 0; path = HulaTests.xctest; sourceTree = BUILT_PRODUCTS_DIR; };
		F831862B1E6FABBA00DD61FA /* HulaTests.swift */ = {isa = PBXFileReference; lastKnownFileType = sourcecode.swift; path = HulaTests.swift; sourceTree = "<group>"; };
		F831862D1E6FABBA00DD61FA /* Info.plist */ = {isa = PBXFileReference; lastKnownFileType = text.plist.xml; path = Info.plist; sourceTree = "<group>"; };
		F83186321E6FABBA00DD61FA /* HulaUITests.xctest */ = {isa = PBXFileReference; explicitFileType = wrapper.cfbundle; includeInIndex = 0; path = HulaUITests.xctest; sourceTree = BUILT_PRODUCTS_DIR; };
		F83186361E6FABBA00DD61FA /* HulaUITests.swift */ = {isa = PBXFileReference; lastKnownFileType = sourcecode.swift; path = HulaUITests.swift; sourceTree = "<group>"; };
		F83186381E6FABBA00DD61FA /* Info.plist */ = {isa = PBXFileReference; lastKnownFileType = text.plist.xml; path = Info.plist; sourceTree = "<group>"; };
		F86698AD1E703A80002129E1 /* AppDelegate.swift */ = {isa = PBXFileReference; fileEncoding = 4; lastKnownFileType = sourcecode.swift; path = AppDelegate.swift; sourceTree = "<group>"; };
		F86698B01E703AB7002129E1 /* HulaUser.swift */ = {isa = PBXFileReference; fileEncoding = 4; lastKnownFileType = sourcecode.swift; path = HulaUser.swift; sourceTree = "<group>"; };
		F86698B21E703AC9002129E1 /* HulaProduct.swift */ = {isa = PBXFileReference; fileEncoding = 4; lastKnownFileType = sourcecode.swift; path = HulaProduct.swift; sourceTree = "<group>"; };
		F86698B41E703C34002129E1 /* HulaConstants.swift */ = {isa = PBXFileReference; fileEncoding = 4; lastKnownFileType = sourcecode.swift; path = HulaConstants.swift; sourceTree = "<group>"; };
		F86698B61E703CB9002129E1 /* HLAPIClient.swift */ = {isa = PBXFileReference; fileEncoding = 4; lastKnownFileType = sourcecode.swift; path = HLAPIClient.swift; sourceTree = "<group>"; };
		F86698B81E703D02002129E1 /* CommonUtils.swift */ = {isa = PBXFileReference; fileEncoding = 4; lastKnownFileType = sourcecode.swift; path = CommonUtils.swift; sourceTree = "<group>"; };
		F86698BA1E703DBE002129E1 /* BaseViewController.swift */ = {isa = PBXFileReference; fileEncoding = 4; lastKnownFileType = sourcecode.swift; path = BaseViewController.swift; sourceTree = "<group>"; };
		F86698BC1E703DD8002129E1 /* UserBaseViewController.swift */ = {isa = PBXFileReference; fileEncoding = 4; lastKnownFileType = sourcecode.swift; path = UserBaseViewController.swift; sourceTree = "<group>"; };
		F86698BE1E703E10002129E1 /* BaseTabBarViewController.swift */ = {isa = PBXFileReference; fileEncoding = 4; lastKnownFileType = sourcecode.swift; path = BaseTabBarViewController.swift; sourceTree = "<group>"; };
		F86698C31E703EA6002129E1 /* HLDataManager.swift */ = {isa = PBXFileReference; fileEncoding = 4; lastKnownFileType = sourcecode.swift; path = HLDataManager.swift; sourceTree = "<group>"; };
		F86698C61E7044A6002129E1 /* HLMainViewController.swift */ = {isa = PBXFileReference; fileEncoding = 4; lastKnownFileType = sourcecode.swift; path = HLMainViewController.swift; sourceTree = "<group>"; };
		F86698C81E7044C0002129E1 /* HLSignUpViewController.swift */ = {isa = PBXFileReference; fileEncoding = 4; lastKnownFileType = sourcecode.swift; path = HLSignUpViewController.swift; sourceTree = "<group>"; };
		F86698CA1E7044D6002129E1 /* HLLogInViewController.swift */ = {isa = PBXFileReference; fileEncoding = 4; lastKnownFileType = sourcecode.swift; path = HLLogInViewController.swift; sourceTree = "<group>"; };
		F86698CC1E7044F2002129E1 /* HLIntroViewController.swift */ = {isa = PBXFileReference; fileEncoding = 4; lastKnownFileType = sourcecode.swift; path = HLIntroViewController.swift; sourceTree = "<group>"; };
		F890E4931E709378008719B9 /* splash_intro.mp4 */ = {isa = PBXFileReference; lastKnownFileType = file; path = splash_intro.mp4; sourceTree = "<group>"; };
		F890E4971E71011C008719B9 /* HLHomeViewController.swift */ = {isa = PBXFileReference; fileEncoding = 4; lastKnownFileType = sourcecode.swift; path = HLHomeViewController.swift; sourceTree = "<group>"; };
		F890E4991E710187008719B9 /* HLHomeCategoryTableViewCell.swift */ = {isa = PBXFileReference; fileEncoding = 4; lastKnownFileType = sourcecode.swift; path = HLHomeCategoryTableViewCell.swift; sourceTree = "<group>"; };
		F8B651EA1E787B35009D1DC6 /* HLHomeSearchTableViewCell.swift */ = {isa = PBXFileReference; fileEncoding = 4; lastKnownFileType = sourcecode.swift; path = HLHomeSearchTableViewCell.swift; sourceTree = "<group>"; };
		F8B651ED1E7A352E009D1DC6 /* HLMyProductsViewController.swift */ = {isa = PBXFileReference; fileEncoding = 4; lastKnownFileType = sourcecode.swift; path = HLMyProductsViewController.swift; sourceTree = "<group>"; };
		F8B651EF1E7A6275009D1DC6 /* HLEditProductMainViewController.swift */ = {isa = PBXFileReference; fileEncoding = 4; lastKnownFileType = sourcecode.swift; path = HLEditProductMainViewController.swift; sourceTree = "<group>"; };
		F8B651F11E7A6A1E009D1DC6 /* HLPostProductViewController.swift */ = {isa = PBXFileReference; fileEncoding = 4; lastKnownFileType = sourcecode.swift; path = HLPostProductViewController.swift; sourceTree = "<group>"; };
		F8B651F31E7A82F6009D1DC6 /* HLCompleteProductProfileViewController.swift */ = {isa = PBXFileReference; fileEncoding = 4; lastKnownFileType = sourcecode.swift; path = HLCompleteProductProfileViewController.swift; sourceTree = "<group>"; };
		F8B651F51E7AB643009D1DC6 /* HLCustomCameraViewController.swift */ = {isa = PBXFileReference; fileEncoding = 4; lastKnownFileType = sourcecode.swift; path = HLCustomCameraViewController.swift; sourceTree = "<group>"; };
		F8B651F81E7B4B11009D1DC6 /* AVFoundation.framework */ = {isa = PBXFileReference; lastKnownFileType = wrapper.framework; name = AVFoundation.framework; path = System/Library/Frameworks/AVFoundation.framework; sourceTree = SDKROOT; };
		F8B651FA1E7B4B19009D1DC6 /* Photos.framework */ = {isa = PBXFileReference; lastKnownFileType = wrapper.framework; name = Photos.framework; path = System/Library/Frameworks/Photos.framework; sourceTree = SDKROOT; };
		F8B651FC1E7B5381009D1DC6 /* PhotosUI.framework */ = {isa = PBXFileReference; lastKnownFileType = wrapper.framework; name = PhotosUI.framework; path = System/Library/Frameworks/PhotosUI.framework; sourceTree = SDKROOT; };
		F8B651FE1E7B677A009D1DC6 /* HLMyProductTableViewCell.swift */ = {isa = PBXFileReference; fileEncoding = 4; lastKnownFileType = sourcecode.swift; path = HLMyProductTableViewCell.swift; sourceTree = "<group>"; };
		F8B652001E7B7D6B009D1DC6 /* HLPhotoAlbumCollectionViewCell.swift */ = {isa = PBXFileReference; fileEncoding = 4; lastKnownFileType = sourcecode.swift; path = HLPhotoAlbumCollectionViewCell.swift; sourceTree = "<group>"; };
		F8B652021E7C77BF009D1DC6 /* HLSellerInfoViewController.swift */ = {isa = PBXFileReference; fileEncoding = 4; lastKnownFileType = sourcecode.swift; path = HLSellerInfoViewController.swift; sourceTree = "<group>"; };
		F8BE7C301E71FF4200FAE07D /* HLFeedbackHistoryViewController.swift */ = {isa = PBXFileReference; fileEncoding = 4; lastKnownFileType = sourcecode.swift; path = HLFeedbackHistoryViewController.swift; sourceTree = "<group>"; };
		F8BE7C321E71FF5400FAE07D /* HLSettingViewController.swift */ = {isa = PBXFileReference; fileEncoding = 4; lastKnownFileType = sourcecode.swift; path = HLSettingViewController.swift; sourceTree = "<group>"; };
		F8BE7C361E72010D00FAE07D /* HLFeedbackHistoryTableViewCell.swift */ = {isa = PBXFileReference; fileEncoding = 4; lastKnownFileType = sourcecode.swift; path = HLFeedbackHistoryTableViewCell.swift; sourceTree = "<group>"; };
		F8BE7C3A1E7237A000FAE07D /* BebasNeue Bold.otf */ = {isa = PBXFileReference; lastKnownFileType = file; path = "BebasNeue Bold.otf"; sourceTree = "<group>"; };
		F8BE7C3B1E7237A000FAE07D /* BebasNeue Book.otf */ = {isa = PBXFileReference; lastKnownFileType = file; path = "BebasNeue Book.otf"; sourceTree = "<group>"; };
		F8BE7C3C1E7237A100FAE07D /* BebasNeue Light.otf */ = {isa = PBXFileReference; lastKnownFileType = file; path = "BebasNeue Light.otf"; sourceTree = "<group>"; };
		F8BE7C3D1E7237A100FAE07D /* BebasNeue Regular.otf */ = {isa = PBXFileReference; lastKnownFileType = file; path = "BebasNeue Regular.otf"; sourceTree = "<group>"; };
		F8BE7C3E1E7237A100FAE07D /* BebasNeue Thin.otf */ = {isa = PBXFileReference; lastKnownFileType = file; path = "BebasNeue Thin.otf"; sourceTree = "<group>"; };
		F8BE7C3F1E7237A100FAE07D /* BebasNeue.otf */ = {isa = PBXFileReference; lastKnownFileType = file; path = BebasNeue.otf; sourceTree = "<group>"; };
		F8BE7C461E72412200FAE07D /* HLProductTableViewCell.swift */ = {isa = PBXFileReference; fileEncoding = 4; lastKnownFileType = sourcecode.swift; path = HLProductTableViewCell.swift; sourceTree = "<group>"; };
		F8BE7C481E7241C500FAE07D /* HLSearchResultViewController.swift */ = {isa = PBXFileReference; fileEncoding = 4; lastKnownFileType = sourcecode.swift; path = HLSearchResultViewController.swift; sourceTree = "<group>"; };
		F8BE7C4A1E724F3D00FAE07D /* HLProductDetailViewController.swift */ = {isa = PBXFileReference; fileEncoding = 4; lastKnownFileType = sourcecode.swift; path = HLProductDetailViewController.swift; sourceTree = "<group>"; };
		F8BE7C4C1E72575300FAE07D /* HLFilterViewController.swift */ = {isa = PBXFileReference; fileEncoding = 4; lastKnownFileType = sourcecode.swift; path = HLFilterViewController.swift; sourceTree = "<group>"; };
/* End PBXFileReference section */

/* Begin PBXFrameworksBuildPhase section */
		F831860D1E6FABB900DD61FA /* Frameworks */ = {
			isa = PBXFrameworksBuildPhase;
			buildActionMask = 2147483647;
			files = (
				F8B651FD1E7B5381009D1DC6 /* PhotosUI.framework in Frameworks */,
				F8B651FB1E7B4B19009D1DC6 /* Photos.framework in Frameworks */,
				F8B651F91E7B4B11009D1DC6 /* AVFoundation.framework in Frameworks */,
			);
			runOnlyForDeploymentPostprocessing = 0;
		};
		F83186241E6FABBA00DD61FA /* Frameworks */ = {
			isa = PBXFrameworksBuildPhase;
			buildActionMask = 2147483647;
			files = (
			);
			runOnlyForDeploymentPostprocessing = 0;
		};
		F831862F1E6FABBA00DD61FA /* Frameworks */ = {
			isa = PBXFrameworksBuildPhase;
			buildActionMask = 2147483647;
			files = (
			);
			runOnlyForDeploymentPostprocessing = 0;
		};
/* End PBXFrameworksBuildPhase section */

/* Begin PBXGroup section */
		F83186071E6FABB900DD61FA = {
			isa = PBXGroup;
			children = (
				F83186121E6FABBA00DD61FA /* Hula */,
				F831862A1E6FABBA00DD61FA /* HulaTests */,
				F83186351E6FABBA00DD61FA /* HulaUITests */,
				F83186111E6FABBA00DD61FA /* Products */,
				F8B651F71E7B4B10009D1DC6 /* Frameworks */,
			);
			sourceTree = "<group>";
		};
		F83186111E6FABBA00DD61FA /* Products */ = {
			isa = PBXGroup;
			children = (
				F83186101E6FABBA00DD61FA /* Hula.app */,
				F83186271E6FABBA00DD61FA /* HulaTests.xctest */,
				F83186321E6FABBA00DD61FA /* HulaUITests.xctest */,
			);
			name = Products;
			sourceTree = "<group>";
		};
		F83186121E6FABBA00DD61FA /* Hula */ = {
			isa = PBXGroup;
			children = (
				F83186171E6FABBA00DD61FA /* Main.storyboard */,
				F86698AC1E703A80002129E1 /* Delegate */,
				F866989D1E703A80002129E1 /* Application */,
				F831861D1E6FABBA00DD61FA /* Assets.xcassets */,
				F831861F1E6FABBA00DD61FA /* LaunchScreen.storyboard */,
				F83186221E6FABBA00DD61FA /* Info.plist */,
				F831861A1E6FABBA00DD61FA /* Hula.xcdatamodeld */,
			);
			path = Hula;
			sourceTree = "<group>";
		};
		F831862A1E6FABBA00DD61FA /* HulaTests */ = {
			isa = PBXGroup;
			children = (
				F831862B1E6FABBA00DD61FA /* HulaTests.swift */,
				F831862D1E6FABBA00DD61FA /* Info.plist */,
			);
			path = HulaTests;
			sourceTree = "<group>";
		};
		F83186351E6FABBA00DD61FA /* HulaUITests */ = {
			isa = PBXGroup;
			children = (
				F83186361E6FABBA00DD61FA /* HulaUITests.swift */,
				F83186381E6FABBA00DD61FA /* Info.plist */,
			);
			path = HulaUITests;
			sourceTree = "<group>";
		};
		F866989D1E703A80002129E1 /* Application */ = {
			isa = PBXGroup;
			children = (
				F866989E1E703A80002129E1 /* Config */,
				F866989F1E703A80002129E1 /* Controller */,
				F86698A01E703A80002129E1 /* Libraries */,
				F86698A11E703A80002129E1 /* Model */,
				F86698A21E703A80002129E1 /* Resource */,
				F86698A71E703A80002129E1 /* Views */,
			);
			path = Application;
			sourceTree = "<group>";
		};
		F866989E1E703A80002129E1 /* Config */ = {
			isa = PBXGroup;
			children = (
				F86698B41E703C34002129E1 /* HulaConstants.swift */,
			);
			path = Config;
			sourceTree = "<group>";
		};
		F866989F1E703A80002129E1 /* Controller */ = {
			isa = PBXGroup;
			children = (
				F86698B01E703AB7002129E1 /* HulaUser.swift */,
				F86698B21E703AC9002129E1 /* HulaProduct.swift */,
				F86698B61E703CB9002129E1 /* HLAPIClient.swift */,
				F86698C31E703EA6002129E1 /* HLDataManager.swift */,
			);
			path = Controller;
			sourceTree = "<group>";
		};
		F86698A01E703A80002129E1 /* Libraries */ = {
			isa = PBXGroup;
			children = (
			);
			path = Libraries;
			sourceTree = "<group>";
		};
		F86698A11E703A80002129E1 /* Model */ = {
			isa = PBXGroup;
			children = (
				F86698B81E703D02002129E1 /* CommonUtils.swift */,
			);
			path = Model;
			sourceTree = "<group>";
		};
		F86698A21E703A80002129E1 /* Resource */ = {
			isa = PBXGroup;
			children = (
				F8BE7C381E72378400FAE07D /* Font */,
				F86698A61E703A80002129E1 /* Medias */,
			);
			path = Resource;
			sourceTree = "<group>";
		};
		F86698A61E703A80002129E1 /* Medias */ = {
			isa = PBXGroup;
			children = (
				F890E4931E709378008719B9 /* splash_intro.mp4 */,
			);
			path = Medias;
			sourceTree = "<group>";
		};
		F86698A71E703A80002129E1 /* Views */ = {
			isa = PBXGroup;
			children = (
				F86698A91E703A80002129E1 /* Cells */,
				F86698A81E703A80002129E1 /* Base */,
				F86698AA1E703A80002129E1 /* Login & Signup */,
				F86698AB1E703A80002129E1 /* Main */,
			);
			path = Views;
			sourceTree = "<group>";
		};
		F86698A81E703A80002129E1 /* Base */ = {
			isa = PBXGroup;
			children = (
				F86698BA1E703DBE002129E1 /* BaseViewController.swift */,
				F86698BC1E703DD8002129E1 /* UserBaseViewController.swift */,
				F86698BE1E703E10002129E1 /* BaseTabBarViewController.swift */,
			);
			path = Base;
			sourceTree = "<group>";
		};
		F86698A91E703A80002129E1 /* Cells */ = {
			isa = PBXGroup;
			children = (
				F890E4991E710187008719B9 /* HLHomeCategoryTableViewCell.swift */,
				F8BE7C361E72010D00FAE07D /* HLFeedbackHistoryTableViewCell.swift */,
				F8BE7C461E72412200FAE07D /* HLProductTableViewCell.swift */,
				F8B651EA1E787B35009D1DC6 /* HLHomeSearchTableViewCell.swift */,
				F8B651FE1E7B677A009D1DC6 /* HLMyProductTableViewCell.swift */,
				F8B652001E7B7D6B009D1DC6 /* HLPhotoAlbumCollectionViewCell.swift */,
			);
			path = Cells;
			sourceTree = "<group>";
		};
		F86698AA1E703A80002129E1 /* Login & Signup */ = {
			isa = PBXGroup;
			children = (
				F86698C61E7044A6002129E1 /* HLMainViewController.swift */,
				F86698CC1E7044F2002129E1 /* HLIntroViewController.swift */,
				F86698C81E7044C0002129E1 /* HLSignUpViewController.swift */,
				F86698CA1E7044D6002129E1 /* HLLogInViewController.swift */,
			);
			path = "Login & Signup";
			sourceTree = "<group>";
		};
		F86698AB1E703A80002129E1 /* Main */ = {
			isa = PBXGroup;
			children = (
				F86698C01E703E3A002129E1 /* Home */,
				F8B651EC1E7A34F8009D1DC6 /* My Products */,
				F86698C11E703E45002129E1 /* Profile */,
				F86698C21E703E4F002129E1 /* Setting */,
			);
			path = Main;
			sourceTree = "<group>";
		};
		F86698AC1E703A80002129E1 /* Delegate */ = {
			isa = PBXGroup;
			children = (
				F86698AD1E703A80002129E1 /* AppDelegate.swift */,
			);
			path = Delegate;
			sourceTree = "<group>";
		};
		F86698C01E703E3A002129E1 /* Home */ = {
			isa = PBXGroup;
			children = (
				F890E4971E71011C008719B9 /* HLHomeViewController.swift */,
				F8BE7C481E7241C500FAE07D /* HLSearchResultViewController.swift */,
				F8BE7C4A1E724F3D00FAE07D /* HLProductDetailViewController.swift */,
				F8BE7C4C1E72575300FAE07D /* HLFilterViewController.swift */,
			);
			name = Home;
			sourceTree = "<group>";
		};
		F86698C11E703E45002129E1 /* Profile */ = {
			isa = PBXGroup;
			children = (
				F8274D4E1E712FCB002A3164 /* HLProfileViewController.swift */,
				F8BE7C301E71FF4200FAE07D /* HLFeedbackHistoryViewController.swift */,
				F8B652021E7C77BF009D1DC6 /* HLSellerInfoViewController.swift */,
			);
			name = Profile;
			sourceTree = "<group>";
		};
		F86698C21E703E4F002129E1 /* Setting */ = {
			isa = PBXGroup;
			children = (
				F8BE7C321E71FF5400FAE07D /* HLSettingViewController.swift */,
			);
			name = Setting;
			sourceTree = "<group>";
		};
		F8B651EC1E7A34F8009D1DC6 /* My Products */ = {
			isa = PBXGroup;
			children = (
				F8B651ED1E7A352E009D1DC6 /* HLMyProductsViewController.swift */,
				F8B651EF1E7A6275009D1DC6 /* HLEditProductMainViewController.swift */,
				F8B651F11E7A6A1E009D1DC6 /* HLPostProductViewController.swift */,
				F8B651F31E7A82F6009D1DC6 /* HLCompleteProductProfileViewController.swift */,
				F8B651F51E7AB643009D1DC6 /* HLCustomCameraViewController.swift */,
			);
			name = "My Products";
			sourceTree = "<group>";
		};
		F8B651F71E7B4B10009D1DC6 /* Frameworks */ = {
			isa = PBXGroup;
			children = (
				F8B651FC1E7B5381009D1DC6 /* PhotosUI.framework */,
				F8B651FA1E7B4B19009D1DC6 /* Photos.framework */,
				F8B651F81E7B4B11009D1DC6 /* AVFoundation.framework */,
			);
			name = Frameworks;
			sourceTree = "<group>";
		};
		F8BE7C381E72378400FAE07D /* Font */ = {
			isa = PBXGroup;
			children = (
				F8BE7C391E7237A000FAE07D /* bebas */,
			);
			name = Font;
			sourceTree = "<group>";
		};
		F8BE7C391E7237A000FAE07D /* bebas */ = {
			isa = PBXGroup;
			children = (
				F8BE7C3A1E7237A000FAE07D /* BebasNeue Bold.otf */,
				F8BE7C3B1E7237A000FAE07D /* BebasNeue Book.otf */,
				F8BE7C3C1E7237A100FAE07D /* BebasNeue Light.otf */,
				F8BE7C3D1E7237A100FAE07D /* BebasNeue Regular.otf */,
				F8BE7C3E1E7237A100FAE07D /* BebasNeue Thin.otf */,
				F8BE7C3F1E7237A100FAE07D /* BebasNeue.otf */,
			);
			path = bebas;
			sourceTree = "<group>";
		};
/* End PBXGroup section */

/* Begin PBXNativeTarget section */
		F831860F1E6FABB900DD61FA /* Hula */ = {
			isa = PBXNativeTarget;
			buildConfigurationList = F831863B1E6FABBA00DD61FA /* Build configuration list for PBXNativeTarget "Hula" */;
			buildPhases = (
				F831860C1E6FABB900DD61FA /* Sources */,
				F831860D1E6FABB900DD61FA /* Frameworks */,
				F831860E1E6FABB900DD61FA /* Resources */,
			);
			buildRules = (
			);
			dependencies = (
			);
			name = Hula;
			productName = Hula;
			productReference = F83186101E6FABBA00DD61FA /* Hula.app */;
			productType = "com.apple.product-type.application";
		};
		F83186261E6FABBA00DD61FA /* HulaTests */ = {
			isa = PBXNativeTarget;
			buildConfigurationList = F831863E1E6FABBA00DD61FA /* Build configuration list for PBXNativeTarget "HulaTests" */;
			buildPhases = (
				F83186231E6FABBA00DD61FA /* Sources */,
				F83186241E6FABBA00DD61FA /* Frameworks */,
				F83186251E6FABBA00DD61FA /* Resources */,
			);
			buildRules = (
			);
			dependencies = (
				F83186291E6FABBA00DD61FA /* PBXTargetDependency */,
			);
			name = HulaTests;
			productName = HulaTests;
			productReference = F83186271E6FABBA00DD61FA /* HulaTests.xctest */;
			productType = "com.apple.product-type.bundle.unit-test";
		};
		F83186311E6FABBA00DD61FA /* HulaUITests */ = {
			isa = PBXNativeTarget;
			buildConfigurationList = F83186411E6FABBA00DD61FA /* Build configuration list for PBXNativeTarget "HulaUITests" */;
			buildPhases = (
				F831862E1E6FABBA00DD61FA /* Sources */,
				F831862F1E6FABBA00DD61FA /* Frameworks */,
				F83186301E6FABBA00DD61FA /* Resources */,
			);
			buildRules = (
			);
			dependencies = (
				F83186341E6FABBA00DD61FA /* PBXTargetDependency */,
			);
			name = HulaUITests;
			productName = HulaUITests;
			productReference = F83186321E6FABBA00DD61FA /* HulaUITests.xctest */;
			productType = "com.apple.product-type.bundle.ui-testing";
		};
/* End PBXNativeTarget section */

/* Begin PBXProject section */
		F83186081E6FABB900DD61FA /* Project object */ = {
			isa = PBXProject;
			attributes = {
				LastSwiftUpdateCheck = 0820;
				LastUpgradeCheck = 0820;
				ORGANIZATIONNAME = star;
				TargetAttributes = {
					F831860F1E6FABB900DD61FA = {
						CreatedOnToolsVersion = 8.2;
						DevelopmentTeam = NBT28YGA4K;
						ProvisioningStyle = Automatic;
					};
					F83186261E6FABBA00DD61FA = {
						CreatedOnToolsVersion = 8.2;
						ProvisioningStyle = Automatic;
						TestTargetID = F831860F1E6FABB900DD61FA;
					};
					F83186311E6FABBA00DD61FA = {
						CreatedOnToolsVersion = 8.2;
						ProvisioningStyle = Automatic;
						TestTargetID = F831860F1E6FABB900DD61FA;
					};
				};
			};
			buildConfigurationList = F831860B1E6FABB900DD61FA /* Build configuration list for PBXProject "Hula" */;
			compatibilityVersion = "Xcode 3.2";
			developmentRegion = English;
			hasScannedForEncodings = 0;
			knownRegions = (
				en,
				Base,
			);
			mainGroup = F83186071E6FABB900DD61FA;
			productRefGroup = F83186111E6FABBA00DD61FA /* Products */;
			projectDirPath = "";
			projectRoot = "";
			targets = (
				F831860F1E6FABB900DD61FA /* Hula */,
				F83186261E6FABBA00DD61FA /* HulaTests */,
				F83186311E6FABBA00DD61FA /* HulaUITests */,
			);
		};
/* End PBXProject section */

/* Begin PBXResourcesBuildPhase section */
		F831860E1E6FABB900DD61FA /* Resources */ = {
			isa = PBXResourcesBuildPhase;
			buildActionMask = 2147483647;
			files = (
				F8BE7C431E7237A100FAE07D /* BebasNeue Regular.otf in Resources */,
				F8BE7C421E7237A100FAE07D /* BebasNeue Light.otf in Resources */,
				F8BE7C411E7237A100FAE07D /* BebasNeue Book.otf in Resources */,
				F8BE7C401E7237A100FAE07D /* BebasNeue Bold.otf in Resources */,
				F8BE7C441E7237A100FAE07D /* BebasNeue Thin.otf in Resources */,
				F890E4941E70937D008719B9 /* splash_intro.mp4 in Resources */,
				F83186211E6FABBA00DD61FA /* LaunchScreen.storyboard in Resources */,
				F831861E1E6FABBA00DD61FA /* Assets.xcassets in Resources */,
				F8BE7C451E7237A100FAE07D /* BebasNeue.otf in Resources */,
				F83186191E6FABBA00DD61FA /* Main.storyboard in Resources */,
			);
			runOnlyForDeploymentPostprocessing = 0;
		};
		F83186251E6FABBA00DD61FA /* Resources */ = {
			isa = PBXResourcesBuildPhase;
			buildActionMask = 2147483647;
			files = (
			);
			runOnlyForDeploymentPostprocessing = 0;
		};
		F83186301E6FABBA00DD61FA /* Resources */ = {
			isa = PBXResourcesBuildPhase;
			buildActionMask = 2147483647;
			files = (
			);
			runOnlyForDeploymentPostprocessing = 0;
		};
/* End PBXResourcesBuildPhase section */

/* Begin PBXSourcesBuildPhase section */
		F831860C1E6FABB900DD61FA /* Sources */ = {
			isa = PBXSourcesBuildPhase;
			buildActionMask = 2147483647;
			files = (
				F86698BD1E703DD8002129E1 /* UserBaseViewController.swift in Sources */,
				F890E4981E71011C008719B9 /* HLHomeViewController.swift in Sources */,
				F86698B51E703C34002129E1 /* HulaConstants.swift in Sources */,
				F8B651F61E7AB643009D1DC6 /* HLCustomCameraViewController.swift in Sources */,
				F86698C91E7044C0002129E1 /* HLSignUpViewController.swift in Sources */,
				F86698AF1E703A80002129E1 /* AppDelegate.swift in Sources */,
				F8BE7C331E71FF5400FAE07D /* HLSettingViewController.swift in Sources */,
				F86698BF1E703E10002129E1 /* BaseTabBarViewController.swift in Sources */,
				F8B651F01E7A6275009D1DC6 /* HLEditProductMainViewController.swift in Sources */,
				F831861C1E6FABBA00DD61FA /* Hula.xcdatamodeld in Sources */,
				F86698C71E7044A6002129E1 /* HLMainViewController.swift in Sources */,
				F8BE7C4D1E72575300FAE07D /* HLFilterViewController.swift in Sources */,
				F8BE7C491E7241C500FAE07D /* HLSearchResultViewController.swift in Sources */,
				F8274D4F1E712FCB002A3164 /* HLProfileViewController.swift in Sources */,
				F86698C41E703EA6002129E1 /* HLDataManager.swift in Sources */,
				F86698B71E703CB9002129E1 /* HLAPIClient.swift in Sources */,
				F8BE7C4B1E724F3D00FAE07D /* HLProductDetailViewController.swift in Sources */,
				F8BE7C371E72010D00FAE07D /* HLFeedbackHistoryTableViewCell.swift in Sources */,
				F8B651F21E7A6A1E009D1DC6 /* HLPostProductViewController.swift in Sources */,
				F890E49A1E710187008719B9 /* HLHomeCategoryTableViewCell.swift in Sources */,
				F86698B11E703AB7002129E1 /* HulaUser.swift in Sources */,
				F86698BB1E703DBE002129E1 /* BaseViewController.swift in Sources */,
				F8BE7C311E71FF4200FAE07D /* HLFeedbackHistoryViewController.swift in Sources */,
				F8B651FF1E7B677A009D1DC6 /* HLMyProductTableViewCell.swift in Sources */,
				F8B652011E7B7D6B009D1DC6 /* HLPhotoAlbumCollectionViewCell.swift in Sources */,
				F8BE7C471E72412200FAE07D /* HLProductTableViewCell.swift in Sources */,
				F8B652031E7C77BF009D1DC6 /* HLSellerInfoViewController.swift in Sources */,
				F8B651F41E7A82F6009D1DC6 /* HLCompleteProductProfileViewController.swift in Sources */,
				F86698B91E703D02002129E1 /* CommonUtils.swift in Sources */,
				F8B651EB1E787B35009D1DC6 /* HLHomeSearchTableViewCell.swift in Sources */,
				F86698CB1E7044D6002129E1 /* HLLogInViewController.swift in Sources */,
				F8B651EE1E7A352E009D1DC6 /* HLMyProductsViewController.swift in Sources */,
				F86698CD1E7044F2002129E1 /* HLIntroViewController.swift in Sources */,
				F86698B31E703AC9002129E1 /* HulaProduct.swift in Sources */,
			);
			runOnlyForDeploymentPostprocessing = 0;
		};
		F83186231E6FABBA00DD61FA /* Sources */ = {
			isa = PBXSourcesBuildPhase;
			buildActionMask = 2147483647;
			files = (
				F831862C1E6FABBA00DD61FA /* HulaTests.swift in Sources */,
			);
			runOnlyForDeploymentPostprocessing = 0;
		};
		F831862E1E6FABBA00DD61FA /* Sources */ = {
			isa = PBXSourcesBuildPhase;
			buildActionMask = 2147483647;
			files = (
				F83186371E6FABBA00DD61FA /* HulaUITests.swift in Sources */,
			);
			runOnlyForDeploymentPostprocessing = 0;
		};
/* End PBXSourcesBuildPhase section */

/* Begin PBXTargetDependency section */
		F83186291E6FABBA00DD61FA /* PBXTargetDependency */ = {
			isa = PBXTargetDependency;
			target = F831860F1E6FABB900DD61FA /* Hula */;
			targetProxy = F83186281E6FABBA00DD61FA /* PBXContainerItemProxy */;
		};
		F83186341E6FABBA00DD61FA /* PBXTargetDependency */ = {
			isa = PBXTargetDependency;
			target = F831860F1E6FABB900DD61FA /* Hula */;
			targetProxy = F83186331E6FABBA00DD61FA /* PBXContainerItemProxy */;
		};
/* End PBXTargetDependency section */

/* Begin PBXVariantGroup section */
		F83186171E6FABBA00DD61FA /* Main.storyboard */ = {
			isa = PBXVariantGroup;
			children = (
				F83186181E6FABBA00DD61FA /* Base */,
			);
			name = Main.storyboard;
			sourceTree = "<group>";
		};
		F831861F1E6FABBA00DD61FA /* LaunchScreen.storyboard */ = {
			isa = PBXVariantGroup;
			children = (
				F83186201E6FABBA00DD61FA /* Base */,
			);
			name = LaunchScreen.storyboard;
			sourceTree = "<group>";
		};
/* End PBXVariantGroup section */

/* Begin XCBuildConfiguration section */
		F83186391E6FABBA00DD61FA /* Debug */ = {
			isa = XCBuildConfiguration;
			buildSettings = {
				ALWAYS_SEARCH_USER_PATHS = NO;
				CLANG_ANALYZER_NONNULL = YES;
				CLANG_CXX_LANGUAGE_STANDARD = "gnu++0x";
				CLANG_CXX_LIBRARY = "libc++";
				CLANG_ENABLE_MODULES = YES;
				CLANG_ENABLE_OBJC_ARC = YES;
				CLANG_WARN_BOOL_CONVERSION = YES;
				CLANG_WARN_CONSTANT_CONVERSION = YES;
				CLANG_WARN_DIRECT_OBJC_ISA_USAGE = YES_ERROR;
				CLANG_WARN_DOCUMENTATION_COMMENTS = YES;
				CLANG_WARN_EMPTY_BODY = YES;
				CLANG_WARN_ENUM_CONVERSION = YES;
				CLANG_WARN_INFINITE_RECURSION = YES;
				CLANG_WARN_INT_CONVERSION = YES;
				CLANG_WARN_OBJC_ROOT_CLASS = YES_ERROR;
				CLANG_WARN_SUSPICIOUS_MOVE = YES;
				CLANG_WARN_UNREACHABLE_CODE = YES;
				CLANG_WARN__DUPLICATE_METHOD_MATCH = YES;
				"CODE_SIGN_IDENTITY[sdk=iphoneos*]" = "iPhone Developer";
				COPY_PHASE_STRIP = NO;
				DEBUG_INFORMATION_FORMAT = dwarf;
				ENABLE_STRICT_OBJC_MSGSEND = YES;
				ENABLE_TESTABILITY = YES;
				GCC_C_LANGUAGE_STANDARD = gnu99;
				GCC_DYNAMIC_NO_PIC = NO;
				GCC_NO_COMMON_BLOCKS = YES;
				GCC_OPTIMIZATION_LEVEL = 0;
				GCC_PREPROCESSOR_DEFINITIONS = (
					"DEBUG=1",
					"$(inherited)",
				);
				GCC_WARN_64_TO_32_BIT_CONVERSION = YES;
				GCC_WARN_ABOUT_RETURN_TYPE = YES_ERROR;
				GCC_WARN_UNDECLARED_SELECTOR = YES;
				GCC_WARN_UNINITIALIZED_AUTOS = YES_AGGRESSIVE;
				GCC_WARN_UNUSED_FUNCTION = YES;
				GCC_WARN_UNUSED_VARIABLE = YES;
				IPHONEOS_DEPLOYMENT_TARGET = 10.2;
				MTL_ENABLE_DEBUG_INFO = YES;
				ONLY_ACTIVE_ARCH = YES;
				SDKROOT = iphoneos;
				SWIFT_ACTIVE_COMPILATION_CONDITIONS = DEBUG;
				SWIFT_OPTIMIZATION_LEVEL = "-Onone";
			};
			name = Debug;
		};
		F831863A1E6FABBA00DD61FA /* Release */ = {
			isa = XCBuildConfiguration;
			buildSettings = {
				ALWAYS_SEARCH_USER_PATHS = NO;
				CLANG_ANALYZER_NONNULL = YES;
				CLANG_CXX_LANGUAGE_STANDARD = "gnu++0x";
				CLANG_CXX_LIBRARY = "libc++";
				CLANG_ENABLE_MODULES = YES;
				CLANG_ENABLE_OBJC_ARC = YES;
				CLANG_WARN_BOOL_CONVERSION = YES;
				CLANG_WARN_CONSTANT_CONVERSION = YES;
				CLANG_WARN_DIRECT_OBJC_ISA_USAGE = YES_ERROR;
				CLANG_WARN_DOCUMENTATION_COMMENTS = YES;
				CLANG_WARN_EMPTY_BODY = YES;
				CLANG_WARN_ENUM_CONVERSION = YES;
				CLANG_WARN_INFINITE_RECURSION = YES;
				CLANG_WARN_INT_CONVERSION = YES;
				CLANG_WARN_OBJC_ROOT_CLASS = YES_ERROR;
				CLANG_WARN_SUSPICIOUS_MOVE = YES;
				CLANG_WARN_UNREACHABLE_CODE = YES;
				CLANG_WARN__DUPLICATE_METHOD_MATCH = YES;
				"CODE_SIGN_IDENTITY[sdk=iphoneos*]" = "iPhone Developer";
				COPY_PHASE_STRIP = NO;
				DEBUG_INFORMATION_FORMAT = "dwarf-with-dsym";
				ENABLE_NS_ASSERTIONS = NO;
				ENABLE_STRICT_OBJC_MSGSEND = YES;
				GCC_C_LANGUAGE_STANDARD = gnu99;
				GCC_NO_COMMON_BLOCKS = YES;
				GCC_WARN_64_TO_32_BIT_CONVERSION = YES;
				GCC_WARN_ABOUT_RETURN_TYPE = YES_ERROR;
				GCC_WARN_UNDECLARED_SELECTOR = YES;
				GCC_WARN_UNINITIALIZED_AUTOS = YES_AGGRESSIVE;
				GCC_WARN_UNUSED_FUNCTION = YES;
				GCC_WARN_UNUSED_VARIABLE = YES;
				IPHONEOS_DEPLOYMENT_TARGET = 10.2;
				MTL_ENABLE_DEBUG_INFO = NO;
				SDKROOT = iphoneos;
				SWIFT_OPTIMIZATION_LEVEL = "-Owholemodule";
				VALIDATE_PRODUCT = YES;
			};
			name = Release;
		};
		F831863C1E6FABBA00DD61FA /* Debug */ = {
			isa = XCBuildConfiguration;
			buildSettings = {
				ASSETCATALOG_COMPILER_APPICON_NAME = AppIcon;
				"CODE_SIGN_IDENTITY[sdk=iphoneos*]" = "iPhone Developer";
				DEVELOPMENT_TEAM = NBT28YGA4K;
				INFOPLIST_FILE = Hula/Info.plist;
				IPHONEOS_DEPLOYMENT_TARGET = 8.0;
				LD_RUNPATH_SEARCH_PATHS = "$(inherited) @executable_path/Frameworks";
				PRODUCT_BUNDLE_IDENTIFIER = com.hula.hula;
				PRODUCT_NAME = "$(TARGET_NAME)";
				SWIFT_VERSION = 3.0;
			};
			name = Debug;
		};
		F831863D1E6FABBA00DD61FA /* Release */ = {
			isa = XCBuildConfiguration;
			buildSettings = {
				ASSETCATALOG_COMPILER_APPICON_NAME = AppIcon;
				"CODE_SIGN_IDENTITY[sdk=iphoneos*]" = "iPhone Developer";
				DEVELOPMENT_TEAM = NBT28YGA4K;
				INFOPLIST_FILE = Hula/Info.plist;
				IPHONEOS_DEPLOYMENT_TARGET = 8.0;
				LD_RUNPATH_SEARCH_PATHS = "$(inherited) @executable_path/Frameworks";
				PRODUCT_BUNDLE_IDENTIFIER = com.hula.hula;
				PRODUCT_NAME = "$(TARGET_NAME)";
				SWIFT_VERSION = 3.0;
			};
			name = Release;
		};
		F831863F1E6FABBA00DD61FA /* Debug */ = {
			isa = XCBuildConfiguration;
			buildSettings = {
				ALWAYS_EMBED_SWIFT_STANDARD_LIBRARIES = YES;
				BUNDLE_LOADER = "$(TEST_HOST)";
				INFOPLIST_FILE = HulaTests/Info.plist;
				LD_RUNPATH_SEARCH_PATHS = "$(inherited) @executable_path/Frameworks @loader_path/Frameworks";
				PRODUCT_BUNDLE_IDENTIFIER = com.hula.HulaTests;
				PRODUCT_NAME = "$(TARGET_NAME)";
				SWIFT_VERSION = 3.0;
				TEST_HOST = "$(BUILT_PRODUCTS_DIR)/Hula.app/Hula";
			};
			name = Debug;
		};
		F83186401E6FABBA00DD61FA /* Release */ = {
			isa = XCBuildConfiguration;
			buildSettings = {
				ALWAYS_EMBED_SWIFT_STANDARD_LIBRARIES = YES;
				BUNDLE_LOADER = "$(TEST_HOST)";
				INFOPLIST_FILE = HulaTests/Info.plist;
				LD_RUNPATH_SEARCH_PATHS = "$(inherited) @executable_path/Frameworks @loader_path/Frameworks";
				PRODUCT_BUNDLE_IDENTIFIER = com.hula.HulaTests;
				PRODUCT_NAME = "$(TARGET_NAME)";
				SWIFT_VERSION = 3.0;
				TEST_HOST = "$(BUILT_PRODUCTS_DIR)/Hula.app/Hula";
			};
			name = Release;
		};
		F83186421E6FABBA00DD61FA /* Debug */ = {
			isa = XCBuildConfiguration;
			buildSettings = {
				ALWAYS_EMBED_SWIFT_STANDARD_LIBRARIES = YES;
				INFOPLIST_FILE = HulaUITests/Info.plist;
				LD_RUNPATH_SEARCH_PATHS = "$(inherited) @executable_path/Frameworks @loader_path/Frameworks";
				PRODUCT_BUNDLE_IDENTIFIER = com.hula.HulaUITests;
				PRODUCT_NAME = "$(TARGET_NAME)";
				SWIFT_VERSION = 3.0;
				TEST_TARGET_NAME = Hula;
			};
			name = Debug;
		};
		F83186431E6FABBA00DD61FA /* Release */ = {
			isa = XCBuildConfiguration;
			buildSettings = {
				ALWAYS_EMBED_SWIFT_STANDARD_LIBRARIES = YES;
				INFOPLIST_FILE = HulaUITests/Info.plist;
				LD_RUNPATH_SEARCH_PATHS = "$(inherited) @executable_path/Frameworks @loader_path/Frameworks";
				PRODUCT_BUNDLE_IDENTIFIER = com.hula.HulaUITests;
				PRODUCT_NAME = "$(TARGET_NAME)";
				SWIFT_VERSION = 3.0;
				TEST_TARGET_NAME = Hula;
			};
			name = Release;
		};
/* End XCBuildConfiguration section */

/* Begin XCConfigurationList section */
		F831860B1E6FABB900DD61FA /* Build configuration list for PBXProject "Hula" */ = {
			isa = XCConfigurationList;
			buildConfigurations = (
				F83186391E6FABBA00DD61FA /* Debug */,
				F831863A1E6FABBA00DD61FA /* Release */,
			);
			defaultConfigurationIsVisible = 0;
			defaultConfigurationName = Release;
		};
		F831863B1E6FABBA00DD61FA /* Build configuration list for PBXNativeTarget "Hula" */ = {
			isa = XCConfigurationList;
			buildConfigurations = (
				F831863C1E6FABBA00DD61FA /* Debug */,
				F831863D1E6FABBA00DD61FA /* Release */,
			);
			defaultConfigurationIsVisible = 0;
			defaultConfigurationName = Release;
		};
		F831863E1E6FABBA00DD61FA /* Build configuration list for PBXNativeTarget "HulaTests" */ = {
			isa = XCConfigurationList;
			buildConfigurations = (
				F831863F1E6FABBA00DD61FA /* Debug */,
				F83186401E6FABBA00DD61FA /* Release */,
			);
			defaultConfigurationIsVisible = 0;
			defaultConfigurationName = Release;
		};
		F83186411E6FABBA00DD61FA /* Build configuration list for PBXNativeTarget "HulaUITests" */ = {
			isa = XCConfigurationList;
			buildConfigurations = (
				F83186421E6FABBA00DD61FA /* Debug */,
				F83186431E6FABBA00DD61FA /* Release */,
			);
			defaultConfigurationIsVisible = 0;
			defaultConfigurationName = Release;
		};
/* End XCConfigurationList section */

/* Begin XCVersionGroup section */
		F831861A1E6FABBA00DD61FA /* Hula.xcdatamodeld */ = {
			isa = XCVersionGroup;
			children = (
				F831861B1E6FABBA00DD61FA /* Hula.xcdatamodel */,
			);
			currentVersion = F831861B1E6FABBA00DD61FA /* Hula.xcdatamodel */;
			path = Hula.xcdatamodeld;
			sourceTree = "<group>";
			versionGroupType = wrapper.xcdatamodel;
		};
/* End XCVersionGroup section */
	};
	rootObject = F83186081E6FABB900DD61FA /* Project object */;
}
